{
  "requires": true,
  "lockfileVersion": 1,
  "dependencies": {
    "@tarojs/redux": {
      "version": "2.2.10",
      "resolved": "https://registry.npmjs.org/@tarojs/redux/-/redux-2.2.10.tgz",
      "integrity": "sha512-t2dkhUi5W7iVO5GBPIqxNQEfSHm5UBtdIssQFn69Hd4vhuEWLATUBCLa4Ki8fYz1s+peqLfNuObz2svVKOiRDg==",
      "requires": {
        "@tarojs/taro": "^2.2.10",
        "@tarojs/utils": "^2.2.10"
      }
    },
    "@tarojs/taro": {
      "version": "2.2.15",
      "resolved": "https://registry.npmjs.org/@tarojs/taro/-/taro-2.2.15.tgz",
      "integrity": "sha512-JXgivqt9MrNGLwrnSaKdc+bj1gGSB9cMQ+36+LFFgIVohw49iI3n1CdecKX8JwyfyjZf/tdiWMf9mBVDEdiS7Q==",
      "requires": {
        "@tarojs/utils": "2.2.15"
      },
      "dependencies": {
        "@tarojs/utils": {
          "version": "2.2.15",
          "resolved": "https://registry.npmjs.org/@tarojs/utils/-/utils-2.2.15.tgz",
          "integrity": "sha512-wij6kNeomzIeltEvFDL7nTptEGsnz959rYQtElKSNZ6TwTV0G4gTvARGsxi9lXp2pmgCNRz7h2zYEj8I3ugZ6A=="
        }
      }
    },
    "@tarojs/utils": {
      "version": "2.2.10",
      "resolved": "https://registry.npmjs.org/@tarojs/utils/-/utils-2.2.10.tgz",
      "integrity": "sha512-5Y96pcSqqOYS/C1OlqtjzmTpD44n2AxobyKHpvVapqKdhnHbxkUVm+biqbHhfNqwr056KPviPQ4WMDjU33X7PA=="
    },
    "deep-diff": {
      "version": "0.3.8",
      "resolved": "https://registry.npmjs.org/deep-diff/-/deep-diff-0.3.8.tgz",
      "integrity": "sha1-wB3mPvsO7JeYgB1Ax+Da4ltYLIQ="
    },
    "js-tokens": {
      "version": "4.0.0",
      "resolved": "https://registry.npmjs.org/js-tokens/-/js-tokens-4.0.0.tgz",
      "integrity": "sha512-RdJUflcE3cUzKiMqQgsCu06FPu9UdIJO0beYbPhHN4k6apgJtifcoCtT9bcxOpYBtpD2kCM6Sbzg4CausW/PKQ=="
    },
    "loose-envify": {
      "version": "1.4.0",
      "resolved": "https://registry.npmjs.org/loose-envify/-/loose-envify-1.4.0.tgz",
      "integrity": "sha512-lyuxPGr/Wfhrlem2CL/UcnUc1zcqKAImBDzukY7Y5F/yQiNdko6+fRLevlw1HgMySw7f611UIY408EtxRSoK3Q==",
      "requires": {
        "js-tokens": "^3.0.0 || ^4.0.0"
      }
    },
    "redux": {
      "version": "4.0.5",
      "resolved": "https://registry.npmjs.org/redux/-/redux-4.0.5.tgz",
      "integrity": "sha512-VSz1uMAH24DM6MF72vcojpYPtrTUu3ByVWfPL1nPfVRb5mZVTve5GnNCUV53QM/BZ66xfWrm0CTWoM+Xlz8V1w==",
      "requires": {
        "loose-envify": "^1.4.0",
        "symbol-observable": "^1.2.0"
      }
    },
    "redux-logger": {
      "version": "3.0.6",
      "resolved": "https://registry.npmjs.org/redux-logger/-/redux-logger-3.0.6.tgz",
      "integrity": "sha1-91VZZvMJjzyIYExEnPC69XeCdL8=",
      "requires": {
        "deep-diff": "^0.3.5"
      }
    },
    "symbol-observable": {
      "version": "1.2.0",
      "resolved": "https://registry.npmjs.org/symbol-observable/-/symbol-observable-1.2.0.tgz",
      "integrity": "sha512-e900nM8RRtGhlV36KGEU9k65K3mPb1WV70OdjfxlG2EAuM1noi/E/BaW/uMhL7bPEssK8QV57vN3esixjUvcXQ=="
    }
  }
}
