# THIS IS AN AUTOGENERATED FILE. DO NOT EDIT THIS FILE DIRECTLY.
# yarn lockfile v1


"@tarojs/redux@^2.2.10":
  version "2.2.10"
  resolved "https://registry.yarnpkg.com/@tarojs/redux/-/redux-2.2.10.tgz#63b1ee7cd123c17aa67d71d6d5ae8ce6ef6eacea"
  integrity sha512-t2dkhUi5W7iVO5GBPIqxNQEfSHm5UBtdIssQFn69Hd4vhuEWLATUBCLa4Ki8fYz1s+peqLfNuObz2svVKOiRDg==
  dependencies:
    "@tarojs/taro" "^2.2.10"
    "@tarojs/utils" "^2.2.10"

"@tarojs/taro@^2.2.10":
  version "2.2.15"
  resolved "https://registry.yarnpkg.com/@tarojs/taro/-/taro-2.2.15.tgz#56a03df6b0f3f3b520f11f794a8c69cfebf7a060"
  integrity sha512-JXgivqt9MrNGLwrnSaKdc+bj1gGSB9cMQ+36+LFFgIVohw49iI3n1CdecKX8JwyfyjZf/tdiWMf9mBVDEdiS7Q==
  dependencies:
    "@tarojs/utils" "2.2.15"

"@tarojs/utils@2.2.15":
  version "2.2.15"
  resolved "https://registry.yarnpkg.com/@tarojs/utils/-/utils-2.2.15.tgz#9de0a530af78accc76a91a2ad09d67a9bb3565e5"
  integrity sha512-wij6kNeomzIeltEvFDL7nTptEGsnz959rYQtElKSNZ6TwTV0G4gTvARGsxi9lXp2pmgCNRz7h2zYEj8I3ugZ6A==

"@tarojs/utils@^2.2.10":
  version "2.2.10"
  resolved "https://registry.yarnpkg.com/@tarojs/utils/-/utils-2.2.10.tgz#ddf82a77aeccfc315c2fb78b3d1c079860aed350"
  integrity sha512-5Y96pcSqqOYS/C1OlqtjzmTpD44n2AxobyKHpvVapqKdhnHbxkUVm+biqbHhfNqwr056KPviPQ4WMDjU33X7PA==

deep-diff@^0.3.5:
  version "0.3.8"
  resolved "https://registry.yarnpkg.com/deep-diff/-/deep-diff-0.3.8.tgz#c01de63efb0eec9798801d40c7e0dae25b582c84"
  integrity sha1-wB3mPvsO7JeYgB1Ax+Da4ltYLIQ=

"js-tokens@^3.0.0 || ^4.0.0":
  version "4.0.0"
  resolved "https://registry.yarnpkg.com/js-tokens/-/js-tokens-4.0.0.tgz#19203fb59991df98e3a287050d4647cdeaf32499"
  integrity sha512-RdJUflcE3cUzKiMqQgsCu06FPu9UdIJO0beYbPhHN4k6apgJtifcoCtT9bcxOpYBtpD2kCM6Sbzg4CausW/PKQ==

loose-envify@^1.4.0:
  version "1.4.0"
  resolved "https://registry.yarnpkg.com/loose-envify/-/loose-envify-1.4.0.tgz#71ee51fa7be4caec1a63839f7e682d8132d30caf"
  integrity sha512-lyuxPGr/Wfhrlem2CL/UcnUc1zcqKAImBDzukY7Y5F/yQiNdko6+fRLevlw1HgMySw7f611UIY408EtxRSoK3Q==
  dependencies:
    js-tokens "^3.0.0 || ^4.0.0"

redux-logger@^3.0.6:
  version "3.0.6"
  resolved "https://registry.yarnpkg.com/redux-logger/-/redux-logger-3.0.6.tgz#f7555966f3098f3c88604c449cf0baf5778274bf"
  integrity sha1-91VZZvMJjzyIYExEnPC69XeCdL8=
  dependencies:
    deep-diff "^0.3.5"

redux@^4.0.5:
  version "4.0.5"
  resolved "https://registry.yarnpkg.com/redux/-/redux-4.0.5.tgz#4db5de5816e17891de8a80c424232d06f051d93f"
  integrity sha512-VSz1uMAH24DM6MF72vcojpYPtrTUu3ByVWfPL1nPfVRb5mZVTve5GnNCUV53QM/BZ66xfWrm0CTWoM+Xlz8V1w==
  dependencies:
    loose-envify "^1.4.0"
    symbol-observable "^1.2.0"

symbol-observable@^1.2.0:
  version "1.2.0"
  resolved "https://registry.yarnpkg.com/symbol-observable/-/symbol-observable-1.2.0.tgz#c22688aed4eab3cdc2dfeacbb561660560a00804"
  integrity sha512-e900nM8RRtGhlV36KGEU9k65K3mPb1WV70OdjfxlG2EAuM1noi/E/BaW/uMhL7bPEssK8QV57vN3esixjUvcXQ==
